
Microsoft Visual Studio Solution File, Format Version 12.00
# Visual Studio 15
VisualStudioVersion = 15.0.26430.16
MinimumVisualStudioVersion = 10.0.40219.1
Project("{FAE04EC0-301F-11D3-BF4B-00C04F79EFBC}") = "WindowsWallpaper.UWP", "WindowsWallpaper.UWP\WindowsWallpaper.UWP.csproj", "{57DB5B8D-8A07-4BF1-A10C-A0669FD59D17}"
EndProject
Project("{FAE04EC0-301F-11D3-BF4B-00C04F79EFBC}") = "WindowsWallpaper.BGTask", "WindowsWallpaper.BGTask\WindowsWallpaper.BGTask.csproj", "{2B51A074-BF37-4BAA-B772-26AE0CA27846}"
EndProject
Project("{FAE04EC0-301F-11D3-BF4B-00C04F79EFBC}") = "WindowsWallpaper.Utils", "WindowsWallpaper.Utils\WindowsWallpaper.Utils.csproj", "{221C3B5F-D754-46DF-9D02-FE37440E0B55}"
EndProject
Project("{FAE04EC0-301F-11D3-BF4B-00C04F79EFBC}") = "WindowsWallpaper.Domain", "WindowsWallpaper.Domain\WindowsWallpaper.Domain.csproj", "{01980F14-7690-4C45-8E62-4B3FB56C0107}"
EndProject
Project("{FAE04EC0-301F-11D3-BF4B-00C04F79EFBC}") = "WindowsWallpaper.ImageSource", "WindowsWallpaper.ImageSource\WindowsWallpaper.ImageSource.csproj", "{FE059241-B431-4E7D-8036-747E008853AB}"
EndProject
Project("{FAE04EC0-301F-11D3-BF4B-00C04F79EFBC}") = "WindowsWallpaper.Storage", "WindowsWallpaper.Storage\WindowsWallpaper.Storage.csproj", "{216CD5EA-FFC0-4117-A966-68D24EEAA1BC}"
EndProject
Global
	GlobalSection(SolutionConfigurationPlatforms) = preSolution
		Debug|Any CPU = Debug|Any CPU
		Debug|ARM = Debug|ARM
		Debug|x64 = Debug|x64
		Debug|x86 = Debug|x86
		Release|Any CPU = Release|Any CPU
		Release|ARM = Release|ARM
		Release|x64 = Release|x64
		Release|x86 = Release|x86
	EndGlobalSection
	GlobalSection(ProjectConfigurationPlatforms) = postSolution
		{57DB5B8D-8A07-4BF1-A10C-A0669FD59D17}.Debug|Any CPU.ActiveCfg = Debug|x86
		{57DB5B8D-8A07-4BF1-A10C-A0669FD59D17}.Debug|ARM.ActiveCfg = Debug|ARM
		{57DB5B8D-8A07-4BF1-A10C-A0669FD59D17}.Debug|ARM.Build.0 = Debug|ARM
		{57DB5B8D-8A07-4BF1-A10C-A0669FD59D17}.Debug|ARM.Deploy.0 = Debug|ARM
		{57DB5B8D-8A07-4BF1-A10C-A0669FD59D17}.Debug|x64.ActiveCfg = Debug|x64
		{57DB5B8D-8A07-4BF1-A10C-A0669FD59D17}.Debug|x64.Build.0 = Debug|x64
		{57DB5B8D-8A07-4BF1-A10C-A0669FD59D17}.Debug|x64.Deploy.0 = Debug|x64
		{57DB5B8D-8A07-4BF1-A10C-A0669FD59D17}.Debug|x86.ActiveCfg = Debug|x86
		{57DB5B8D-8A07-4BF1-A10C-A0669FD59D17}.Debug|x86.Build.0 = Debug|x86
		{57DB5B8D-8A07-4BF1-A10C-A0669FD59D17}.Debug|x86.Deploy.0 = Debug|x86
		{57DB5B8D-8A07-4BF1-A10C-A0669FD59D17}.Release|Any CPU.ActiveCfg = Release|x86
		{57DB5B8D-8A07-4BF1-A10C-A0669FD59D17}.Release|ARM.ActiveCfg = Release|ARM
		{57DB5B8D-8A07-4BF1-A10C-A0669FD59D17}.Release|ARM.Build.0 = Release|ARM
		{57DB5B8D-8A07-4BF1-A10C-A0669FD59D17}.Release|ARM.Deploy.0 = Release|ARM
		{57DB5B8D-8A07-4BF1-A10C-A0669FD59D17}.Release|x64.ActiveCfg = Release|x64
		{57DB5B8D-8A07-4BF1-A10C-A0669FD59D17}.Release|x64.Build.0 = Release|x64
		{57DB5B8D-8A07-4BF1-A10C-A0669FD59D17}.Release|x64.Deploy.0 = Release|x64
		{57DB5B8D-8A07-4BF1-A10C-A0669FD59D17}.Release|x86.ActiveCfg = Release|x86
		{57DB5B8D-8A07-4BF1-A10C-A0669FD59D17}.Release|x86.Build.0 = Release|x86
		{57DB5B8D-8A07-4BF1-A10C-A0669FD59D17}.Release|x86.Deploy.0 = Release|x86
		{2B51A074-BF37-4BAA-B772-26AE0CA27846}.Debug|Any CPU.ActiveCfg = Debug|Any CPU
		{2B51A074-BF37-4BAA-B772-26AE0CA27846}.Debug|Any CPU.Build.0 = Debug|Any CPU
		{2B51A074-BF37-4BAA-B772-26AE0CA27846}.Debug|ARM.ActiveCfg = Debug|ARM
		{2B51A074-BF37-4BAA-B772-26AE0CA27846}.Debug|ARM.Build.0 = Debug|ARM
		{2B51A074-BF37-4BAA-B772-26AE0CA27846}.Debug|x64.ActiveCfg = Debug|x64
		{2B51A074-BF37-4BAA-B772-26AE0CA27846}.Debug|x64.Build.0 = Debug|x64
		{2B51A074-BF37-4BAA-B772-26AE0CA27846}.Debug|x86.ActiveCfg = Debug|x86
		{2B51A074-BF37-4BAA-B772-26AE0CA27846}.Debug|x86.Build.0 = Debug|x86
		{2B51A074-BF37-4BAA-B772-26AE0CA27846}.Release|Any CPU.ActiveCfg = Release|Any CPU
		{2B51A074-BF37-4BAA-B772-26AE0CA27846}.Release|Any CPU.Build.0 = Release|Any CPU
		{2B51A074-BF37-4BAA-B772-26AE0CA27846}.Release|ARM.ActiveCfg = Release|ARM
		{2B51A074-BF37-4BAA-B772-26AE0CA27846}.Release|ARM.Build.0 = Release|ARM
		{2B51A074-BF37-4BAA-B772-26AE0CA27846}.Release|x64.ActiveCfg = Release|x64
		{2B51A074-BF37-4BAA-B772-26AE0CA27846}.Release|x64.Build.0 = Release|x64
		{2B51A074-BF37-4BAA-B772-26AE0CA27846}.Release|x86.ActiveCfg = Release|x86
		{2B51A074-BF37-4BAA-B772-26AE0CA27846}.Release|x86.Build.0 = Release|x86
		{221C3B5F-D754-46DF-9D02-FE37440E0B55}.Debug|Any CPU.ActiveCfg = Debug|Any CPU
		{221C3B5F-D754-46DF-9D02-FE37440E0B55}.Debug|Any CPU.Build.0 = Debug|Any CPU
		{221C3B5F-D754-46DF-9D02-FE37440E0B55}.Debug|ARM.ActiveCfg = Debug|ARM
		{221C3B5F-D754-46DF-9D02-FE37440E0B55}.Debug|ARM.Build.0 = Debug|ARM
		{221C3B5F-D754-46DF-9D02-FE37440E0B55}.Debug|x64.ActiveCfg = Debug|x64
		{221C3B5F-D754-46DF-9D02-FE37440E0B55}.Debug|x64.Build.0 = Debug|x64
		{221C3B5F-D754-46DF-9D02-FE37440E0B55}.Debug|x86.ActiveCfg = Debug|x86
		{221C3B5F-D754-46DF-9D02-FE37440E0B55}.Debug|x86.Build.0 = Debug|x86
		{221C3B5F-D754-46DF-9D02-FE37440E0B55}.Release|Any CPU.ActiveCfg = Release|Any CPU
		{221C3B5F-D754-46DF-9D02-FE37440E0B55}.Release|Any CPU.Build.0 = Release|Any CPU
		{221C3B5F-D754-46DF-9D02-FE37440E0B55}.Release|ARM.ActiveCfg = Release|ARM
		{221C3B5F-D754-46DF-9D02-FE37440E0B55}.Release|ARM.Build.0 = Release|ARM
		{221C3B5F-D754-46DF-9D02-FE37440E0B55}.Release|x64.ActiveCfg = Release|x64
		{221C3B5F-D754-46DF-9D02-FE37440E0B55}.Release|x64.Build.0 = Release|x64
		{221C3B5F-D754-46DF-9D02-FE37440E0B55}.Release|x86.ActiveCfg = Release|x86
		{221C3B5F-D754-46DF-9D02-FE37440E0B55}.Release|x86.Build.0 = Release|x86
		{01980F14-7690-4C45-8E62-4B3FB56C0107}.Debug|Any CPU.ActiveCfg = Debug|Any CPU
		{01980F14-7690-4C45-8E62-4B3FB56C0107}.Debug|Any CPU.Build.0 = Debug|Any CPU
		{01980F14-7690-4C45-8E62-4B3FB56C0107}.Debug|ARM.ActiveCfg = Debug|ARM
		{01980F14-7690-4C45-8E62-4B3FB56C0107}.Debug|ARM.Build.0 = Debug|ARM
		{01980F14-7690-4C45-8E62-4B3FB56C0107}.Debug|x64.ActiveCfg = Debug|x64
		{01980F14-7690-4C45-8E62-4B3FB56C0107}.Debug|x64.Build.0 = Debug|x64
		{01980F14-7690-4C45-8E62-4B3FB56C0107}.Debug|x86.ActiveCfg = Debug|x86
		{01980F14-7690-4C45-8E62-4B3FB56C0107}.Debug|x86.Build.0 = Debug|x86
		{01980F14-7690-4C45-8E62-4B3FB56C0107}.Release|Any CPU.ActiveCfg = Release|Any CPU
		{01980F14-7690-4C45-8E62-4B3FB56C0107}.Release|Any CPU.Build.0 = Release|Any CPU
		{01980F14-7690-4C45-8E62-4B3FB56C0107}.Release|ARM.ActiveCfg = Release|ARM
		{01980F14-7690-4C45-8E62-4B3FB56C0107}.Release|ARM.Build.0 = Release|ARM
		{01980F14-7690-4C45-8E62-4B3FB56C0107}.Release|x64.ActiveCfg = Release|x64
		{01980F14-7690-4C45-8E62-4B3FB56C0107}.Release|x64.Build.0 = Release|x64
		{01980F14-7690-4C45-8E62-4B3FB56C0107}.Release|x86.ActiveCfg = Release|x86
		{01980F14-7690-4C45-8E62-4B3FB56C0107}.Release|x86.Build.0 = Release|x86
		{FE059241-B431-4E7D-8036-747E008853AB}.Debug|Any CPU.ActiveCfg = Debug|Any CPU
		{FE059241-B431-4E7D-8036-747E008853AB}.Debug|Any CPU.Build.0 = Debug|Any CPU
		{FE059241-B431-4E7D-8036-747E008853AB}.Debug|ARM.ActiveCfg = Debug|ARM
		{FE059241-B431-4E7D-8036-747E008853AB}.Debug|ARM.Build.0 = Debug|ARM
		{FE059241-B431-4E7D-8036-747E008853AB}.Debug|x64.ActiveCfg = Debug|x64
		{FE059241-B431-4E7D-8036-747E008853AB}.Debug|x64.Build.0 = Debug|x64
		{FE059241-B431-4E7D-8036-747E008853AB}.Debug|x86.ActiveCfg = Debug|x86
		{FE059241-B431-4E7D-8036-747E008853AB}.Debug|x86.Build.0 = Debug|x86
		{FE059241-B431-4E7D-8036-747E008853AB}.Release|Any CPU.ActiveCfg = Release|Any CPU
		{FE059241-B431-4E7D-8036-747E008853AB}.Release|Any CPU.Build.0 = Release|Any CPU
		{FE059241-B431-4E7D-8036-747E008853AB}.Release|ARM.ActiveCfg = Release|ARM
		{FE059241-B431-4E7D-8036-747E008853AB}.Release|ARM.Build.0 = Release|ARM
		{FE059241-B431-4E7D-8036-747E008853AB}.Release|x64.ActiveCfg = Release|x64
		{FE059241-B431-4E7D-8036-747E008853AB}.Release|x64.Build.0 = Release|x64
		{FE059241-B431-4E7D-8036-747E008853AB}.Release|x86.ActiveCfg = Release|x86
		{FE059241-B431-4E7D-8036-747E008853AB}.Release|x86.Build.0 = Release|x86
		{216CD5EA-FFC0-4117-A966-68D24EEAA1BC}.Debug|Any CPU.ActiveCfg = Debug|Any CPU
		{216CD5EA-FFC0-4117-A966-68D24EEAA1BC}.Debug|Any CPU.Build.0 = Debug|Any CPU
		{216CD5EA-FFC0-4117-A966-68D24EEAA1BC}.Debug|ARM.ActiveCfg = Debug|ARM
		{216CD5EA-FFC0-4117-A966-68D24EEAA1BC}.Debug|ARM.Build.0 = Debug|ARM
		{216CD5EA-FFC0-4117-A966-68D24EEAA1BC}.Debug|x64.ActiveCfg = Debug|x64
		{216CD5EA-FFC0-4117-A966-68D24EEAA1BC}.Debug|x64.Build.0 = Debug|x64
		{216CD5EA-FFC0-4117-A966-68D24EEAA1BC}.Debug|x86.ActiveCfg = Debug|x86
		{216CD5EA-FFC0-4117-A966-68D24EEAA1BC}.Debug|x86.Build.0 = Debug|x86
		{216CD5EA-FFC0-4117-A966-68D24EEAA1BC}.Release|Any CPU.ActiveCfg = Release|Any CPU
		{216CD5EA-FFC0-4117-A966-68D24EEAA1BC}.Release|Any CPU.Build.0 = Release|Any CPU
		{216CD5EA-FFC0-4117-A966-68D24EEAA1BC}.Release|ARM.ActiveCfg = Release|ARM
		{216CD5EA-FFC0-4117-A966-68D24EEAA1BC}.Release|ARM.Build.0 = Release|ARM
		{216CD5EA-FFC0-4117-A966-68D24EEAA1BC}.Release|x64.ActiveCfg = Release|x64
		{216CD5EA-FFC0-4117-A966-68D24EEAA1BC}.Release|x64.Build.0 = Release|x64
		{216CD5EA-FFC0-4117-A966-68D24EEAA1BC}.Release|x86.ActiveCfg = Release|x86
		{216CD5EA-FFC0-4117-A966-68D24EEAA1BC}.Release|x86.Build.0 = Release|x86
	EndGlobalSection
	GlobalSection(SolutionProperties) = preSolution
		HideSolutionNode = FALSE
	EndGlobalSection
EndGlobal
